
Microsoft Visual Studio Solution File, Format Version 12.00
# Visual Studio Version 16
VisualStudioVersion = 16.0.30114.105
MinimumVisualStudioVersion = 10.0.40219.1
Project("{2150E333-8FDC-42A3-9474-1A3956D46DE8}") = "src", "src", "{C9BE4C61-8A7C-4479-ABDC-061CF889441B}"
EndProject
Project("{2150E333-8FDC-42A3-9474-1A3956D46DE8}") = "Core", "Core", "{13FA336C-2750-4FA1-B8E1-FC7E700C459C}"
EndProject
Project("{FAE04EC0-301F-11D3-BF4B-00C04F79EFBC}") = "Domain", "src\Core\Domain\Domain.csproj", "{5D6E5694-B437-4A13-8A20-860EE9EF17F9}"
EndProject
Project("{FAE04EC0-301F-11D3-BF4B-00C04F79EFBC}") = "Data", "src\Core\Data\Data.csproj", "{34474BFA-280F-4E24-9E60-6885624686E7}"
EndProject
Project("{FAE04EC0-301F-11D3-BF4B-00C04F79EFBC}") = "Infrastructure", "src\Core\Infrastructure\Infrastructure.csproj", "{E8DB5ECC-51D9-406B-A887-4DA8DA2CA6B5}"
EndProject
Project("{2150E333-8FDC-42A3-9474-1A3956D46DE8}") = "Admin", "Admin", "{EA6B5600-0FB4-41DE-B12E-C45F10B6B30F}"
EndProject
Project("{FAE04EC0-301F-11D3-BF4B-00C04F79EFBC}") = "Api", "src\Admin\Api\Api.csproj", "{07311F6B-5975-44F5-BEE7-3677CF4F3FBE}"
EndProject
Project("{FAE04EC0-301F-11D3-BF4B-00C04F79EFBC}") = "Application", "src\Admin\Application\Application.csproj", "{57F0A97D-CD8F-4952-A2B0-FD1C450B667F}"
EndProject
Project("{2150E333-8FDC-42A3-9474-1A3956D46DE8}") = "UI", "UI", "{77C603EF-EF26-4B64-A124-5C619DAC12AA}"
EndProject
Project("{FAE04EC0-301F-11D3-BF4B-00C04F79EFBC}") = "Application", "src\UI\Application\Application.csproj", "{A8FFE625-94F0-4F10-8206-A149AD56494B}"
EndProject
Project("{FAE04EC0-301F-11D3-BF4B-00C04F79EFBC}") = "Api", "src\UI\Api\Api.csproj", "{CE958E6E-2E5D-4FF2-A2A5-FCB5DBFF77FD}"
EndProject
Project("{2150E333-8FDC-42A3-9474-1A3956D46DE8}") = "test", "test", "{EBB8416D-09CB-4401-9278-54AFB64FBA6E}"
EndProject
Global
	GlobalSection(SolutionConfigurationPlatforms) = preSolution
		Debug|Any CPU = Debug|Any CPU
		Release|Any CPU = Release|Any CPU
	EndGlobalSection
	GlobalSection(SolutionProperties) = preSolution
		HideSolutionNode = FALSE
	EndGlobalSection
	GlobalSection(ProjectConfigurationPlatforms) = postSolution
		{5D6E5694-B437-4A13-8A20-860EE9EF17F9}.Debug|Any CPU.ActiveCfg = Debug|Any CPU
		{5D6E5694-B437-4A13-8A20-860EE9EF17F9}.Debug|Any CPU.Build.0 = Debug|Any CPU
		{5D6E5694-B437-4A13-8A20-860EE9EF17F9}.Release|Any CPU.ActiveCfg = Release|Any CPU
		{5D6E5694-B437-4A13-8A20-860EE9EF17F9}.Release|Any CPU.Build.0 = Release|Any CPU
		{34474BFA-280F-4E24-9E60-6885624686E7}.Debug|Any CPU.ActiveCfg = Debug|Any CPU
		{34474BFA-280F-4E24-9E60-6885624686E7}.Debug|Any CPU.Build.0 = Debug|Any CPU
		{34474BFA-280F-4E24-9E60-6885624686E7}.Release|Any CPU.ActiveCfg = Release|Any CPU
		{34474BFA-280F-4E24-9E60-6885624686E7}.Release|Any CPU.Build.0 = Release|Any CPU
		{E8DB5ECC-51D9-406B-A887-4DA8DA2CA6B5}.Debug|Any CPU.ActiveCfg = Debug|Any CPU
		{E8DB5ECC-51D9-406B-A887-4DA8DA2CA6B5}.Debug|Any CPU.Build.0 = Debug|Any CPU
		{E8DB5ECC-51D9-406B-A887-4DA8DA2CA6B5}.Release|Any CPU.ActiveCfg = Release|Any CPU
		{E8DB5ECC-51D9-406B-A887-4DA8DA2CA6B5}.Release|Any CPU.Build.0 = Release|Any CPU
		{07311F6B-5975-44F5-BEE7-3677CF4F3FBE}.Debug|Any CPU.ActiveCfg = Debug|Any CPU
		{07311F6B-5975-44F5-BEE7-3677CF4F3FBE}.Debug|Any CPU.Build.0 = Debug|Any CPU
		{07311F6B-5975-44F5-BEE7-3677CF4F3FBE}.Release|Any CPU.ActiveCfg = Release|Any CPU
		{07311F6B-5975-44F5-BEE7-3677CF4F3FBE}.Release|Any CPU.Build.0 = Release|Any CPU
		{57F0A97D-CD8F-4952-A2B0-FD1C450B667F}.Debug|Any CPU.ActiveCfg = Debug|Any CPU
		{57F0A97D-CD8F-4952-A2B0-FD1C450B667F}.Debug|Any CPU.Build.0 = Debug|Any CPU
		{57F0A97D-CD8F-4952-A2B0-FD1C450B667F}.Release|Any CPU.ActiveCfg = Release|Any CPU
		{57F0A97D-CD8F-4952-A2B0-FD1C450B667F}.Release|Any CPU.Build.0 = Release|Any CPU
		{A8FFE625-94F0-4F10-8206-A149AD56494B}.Debug|Any CPU.ActiveCfg = Debug|Any CPU
		{A8FFE625-94F0-4F10-8206-A149AD56494B}.Debug|Any CPU.Build.0 = Debug|Any CPU
		{A8FFE625-94F0-4F10-8206-A149AD56494B}.Release|Any CPU.ActiveCfg = Release|Any CPU
		{A8FFE625-94F0-4F10-8206-A149AD56494B}.Release|Any CPU.Build.0 = Release|Any CPU
		{CE958E6E-2E5D-4FF2-A2A5-FCB5DBFF77FD}.Debug|Any CPU.ActiveCfg = Debug|Any CPU
		{CE958E6E-2E5D-4FF2-A2A5-FCB5DBFF77FD}.Debug|Any CPU.Build.0 = Debug|Any CPU
		{CE958E6E-2E5D-4FF2-A2A5-FCB5DBFF77FD}.Release|Any CPU.ActiveCfg = Release|Any CPU
		{CE958E6E-2E5D-4FF2-A2A5-FCB5DBFF77FD}.Release|Any CPU.Build.0 = Release|Any CPU
	EndGlobalSection
	GlobalSection(NestedProjects) = preSolution
		{13FA336C-2750-4FA1-B8E1-FC7E700C459C} = {C9BE4C61-8A7C-4479-ABDC-061CF889441B}
		{5D6E5694-B437-4A13-8A20-860EE9EF17F9} = {13FA336C-2750-4FA1-B8E1-FC7E700C459C}
		{34474BFA-280F-4E24-9E60-6885624686E7} = {13FA336C-2750-4FA1-B8E1-FC7E700C459C}
		{E8DB5ECC-51D9-406B-A887-4DA8DA2CA6B5} = {13FA336C-2750-4FA1-B8E1-FC7E700C459C}
		{EA6B5600-0FB4-41DE-B12E-C45F10B6B30F} = {C9BE4C61-8A7C-4479-ABDC-061CF889441B}
		{07311F6B-5975-44F5-BEE7-3677CF4F3FBE} = {EA6B5600-0FB4-41DE-B12E-C45F10B6B30F}
		{57F0A97D-CD8F-4952-A2B0-FD1C450B667F} = {EA6B5600-0FB4-41DE-B12E-C45F10B6B30F}
		{77C603EF-EF26-4B64-A124-5C619DAC12AA} = {C9BE4C61-8A7C-4479-ABDC-061CF889441B}
		{A8FFE625-94F0-4F10-8206-A149AD56494B} = {77C603EF-EF26-4B64-A124-5C619DAC12AA}
		{CE958E6E-2E5D-4FF2-A2A5-FCB5DBFF77FD} = {77C603EF-EF26-4B64-A124-5C619DAC12AA}
	EndGlobalSection
EndGlobal
