
Microsoft Visual Studio Solution File, Format Version 12.00
# Visual Studio Version 16
VisualStudioVersion = 16.0.30114.105
MinimumVisualStudioVersion = 10.0.40219.1
Project("{2150E333-8FDC-42A3-9474-1A3956D46DE8}") = "test", "test", "{8423A3B6-0286-480E-B279-5A86D836414B}"
EndProject
Project("{FAE04EC0-301F-11D3-BF4B-00C04F79EFBC}") = "Unit.Test", "test\Unit.Test\Unit.Test.csproj", "{E48D7A32-DCA1-4BED-BAC6-CD75389DE190}"
EndProject
Global
	GlobalSection(SolutionConfigurationPlatforms) = preSolution
		Debug|Any CPU = Debug|Any CPU
		Release|Any CPU = Release|Any CPU
	EndGlobalSection
	GlobalSection(SolutionProperties) = preSolution
		HideSolutionNode = FALSE
	EndGlobalSection
	GlobalSection(ProjectConfigurationPlatforms) = postSolution
		{E48D7A32-DCA1-4BED-BAC6-CD75389DE190}.Debug|Any CPU.ActiveCfg = Debug|Any CPU
		{E48D7A32-DCA1-4BED-BAC6-CD75389DE190}.Debug|Any CPU.Build.0 = Debug|Any CPU
		{E48D7A32-DCA1-4BED-BAC6-CD75389DE190}.Release|Any CPU.ActiveCfg = Release|Any CPU
		{E48D7A32-DCA1-4BED-BAC6-CD75389DE190}.Release|Any CPU.Build.0 = Release|Any CPU
	EndGlobalSection
	GlobalSection(NestedProjects) = preSolution
		{E48D7A32-DCA1-4BED-BAC6-CD75389DE190} = {8423A3B6-0286-480E-B279-5A86D836414B}
	EndGlobalSection
EndGlobal
